
Microsoft Visual Studio Solution File, Format Version 12.00
# Visual Studio Version 17
VisualStudioVersion = 17.9.34622.214
MinimumVisualStudioVersion = 10.0.40219.1
Project("{FAE04EC0-301F-11D3-BF4B-00C04F79EFBC}") = "DoAnMonLapTrinhWeb-Nhom1", "DoAnMonLapTrinhWeb-Nhom1\DoAnMonLapTrinhWeb-Nhom1.csproj", "{6296A1E9-F137-432E-B471-52D6BBAE7757}"
EndProject
Global
	GlobalSection(SolutionConfigurationPlatforms) = preSolution
		Debug|Any CPU = Debug|Any CPU
		Release|Any CPU = Release|Any CPU
	EndGlobalSection
	GlobalSection(ProjectConfigurationPlatforms) = postSolution
		{6296A1E9-F137-432E-B471-52D6BBAE7757}.Debug|Any CPU.ActiveCfg = Debug|Any CPU
		{6296A1E9-F137-432E-B471-52D6BBAE7757}.Debug|Any CPU.Build.0 = Debug|Any CPU
		{6296A1E9-F137-432E-B471-52D6BBAE7757}.Release|Any CPU.ActiveCfg = Release|Any CPU
		{6296A1E9-F137-432E-B471-52D6BBAE7757}.Release|Any CPU.Build.0 = Release|Any CPU
	EndGlobalSection
	GlobalSection(SolutionProperties) = preSolution
		HideSolutionNode = FALSE
	EndGlobalSection
	GlobalSection(ExtensibilityGlobals) = postSolution
		SolutionGuid = {47E8A915-E56E-4100-B9C4-0CADAAF8E557}
	EndGlobalSection
EndGlobal
